
Microsoft Visual Studio Solution File, Format Version 12.00
# Visual Studio 15
Project("{FAE04EC0-301F-11D3-BF4B-00C04F79EFBC}") = "Assembly-CSharp", "Assembly-CSharp.csproj", "{71046F21-03F9-6533-4897-619431CD751B}"
EndProject
Project("{FAE04EC0-301F-11D3-BF4B-00C04F79EFBC}") = "PhotonUnityNetworking.Demos", "PhotonUnityNetworking.Demos.csproj", "{F72CE356-348F-210D-FC8D-EF7A46631DB3}"
EndProject
Project("{FAE04EC0-301F-11D3-BF4B-00C04F79EFBC}") = "PhotonRealtime", "PhotonRealtime.csproj", "{63D14BAD-52AF-A616-BF79-BF7C7F5CAA59}"
EndProject
Project("{FAE04EC0-301F-11D3-BF4B-00C04F79EFBC}") = "PhotonUnityNetworking", "PhotonUnityNetworking.csproj", "{0227AD96-71A2-CB97-0252-0E39C8DD2C4B}"
EndProject
Project("{FAE04EC0-301F-11D3-BF4B-00C04F79EFBC}") = "PhotonUnityNetworking.Utilities", "PhotonUnityNetworking.Utilities.csproj", "{61A8BF4A-8285-6CEA-46A7-D1FD7BED9A09}"
EndProject
Project("{FAE04EC0-301F-11D3-BF4B-00C04F79EFBC}") = "PhotonChat", "PhotonChat.csproj", "{58872784-F7FB-075A-48F5-5CCFD02485D1}"
EndProject
Project("{FAE04EC0-301F-11D3-BF4B-00C04F79EFBC}") = "PhotonUnityNetworking.Editor", "PhotonUnityNetworking.Editor.csproj", "{C40124F7-7145-8ED0-46AA-9532DBC444A9}"
EndProject
Project("{FAE04EC0-301F-11D3-BF4B-00C04F79EFBC}") = "ParrelSync", "ParrelSync.csproj", "{D4EEE7EF-A044-765E-BD94-1D9632DA38E9}"
EndProject
Project("{FAE04EC0-301F-11D3-BF4B-00C04F79EFBC}") = "PhotonUnityNetworking.Utilities.PhotonPlayer.Editor", "PhotonUnityNetworking.Utilities.PhotonPlayer.Editor.csproj", "{B56A2074-E2B7-7928-BA60-02E63D64CD68}"
EndProject
Project("{FAE04EC0-301F-11D3-BF4B-00C04F79EFBC}") = "PunDemos.DemoSlotcarEditor", "PunDemos.DemoSlotcarEditor.csproj", "{5192C535-FA5C-2D61-6D45-E74025743E0A}"
EndProject
Project("{FAE04EC0-301F-11D3-BF4B-00C04F79EFBC}") = "PhotonUnityNetworking.Utilities.Culling.Editor", "PhotonUnityNetworking.Utilities.Culling.Editor.csproj", "{9BB3B029-1144-7372-A6A8-BEB07B910649}"
EndProject
Project("{FAE04EC0-301F-11D3-BF4B-00C04F79EFBC}") = "PunDemos.DemoHubEditor", "PunDemos.DemoHubEditor.csproj", "{61681AA4-9BD9-662F-9770-11705EE6B488}"
EndProject
Project("{FAE04EC0-301F-11D3-BF4B-00C04F79EFBC}") = "Assembly-CSharp-Editor", "Assembly-CSharp-Editor.csproj", "{2DF735DD-CCAC-FD40-7C00-900C5C4C0A07}"
EndProject
Global
	GlobalSection(SolutionConfigurationPlatforms) = preSolution
		Debug|Any CPU = Debug|Any CPU
		Release|Any CPU = Release|Any CPU
	EndGlobalSection
	GlobalSection(ProjectConfigurationPlatforms) = postSolution
		{71046F21-03F9-6533-4897-619431CD751B}.Debug|Any CPU.ActiveCfg = Debug|Any CPU
		{71046F21-03F9-6533-4897-619431CD751B}.Debug|Any CPU.Build.0 = Debug|Any CPU
		{71046F21-03F9-6533-4897-619431CD751B}.Release|Any CPU.ActiveCfg = Release|Any CPU
		{71046F21-03F9-6533-4897-619431CD751B}.Release|Any CPU.Build.0 = Release|Any CPU
		{F72CE356-348F-210D-FC8D-EF7A46631DB3}.Debug|Any CPU.ActiveCfg = Debug|Any CPU
		{F72CE356-348F-210D-FC8D-EF7A46631DB3}.Debug|Any CPU.Build.0 = Debug|Any CPU
		{F72CE356-348F-210D-FC8D-EF7A46631DB3}.Release|Any CPU.ActiveCfg = Release|Any CPU
		{F72CE356-348F-210D-FC8D-EF7A46631DB3}.Release|Any CPU.Build.0 = Release|Any CPU
		{63D14BAD-52AF-A616-BF79-BF7C7F5CAA59}.Debug|Any CPU.ActiveCfg = Debug|Any CPU
		{63D14BAD-52AF-A616-BF79-BF7C7F5CAA59}.Debug|Any CPU.Build.0 = Debug|Any CPU
		{63D14BAD-52AF-A616-BF79-BF7C7F5CAA59}.Release|Any CPU.ActiveCfg = Release|Any CPU
		{63D14BAD-52AF-A616-BF79-BF7C7F5CAA59}.Release|Any CPU.Build.0 = Release|Any CPU
		{0227AD96-71A2-CB97-0252-0E39C8DD2C4B}.Debug|Any CPU.ActiveCfg = Debug|Any CPU
		{0227AD96-71A2-CB97-0252-0E39C8DD2C4B}.Debug|Any CPU.Build.0 = Debug|Any CPU
		{0227AD96-71A2-CB97-0252-0E39C8DD2C4B}.Release|Any CPU.ActiveCfg = Release|Any CPU
		{0227AD96-71A2-CB97-0252-0E39C8DD2C4B}.Release|Any CPU.Build.0 = Release|Any CPU
		{61A8BF4A-8285-6CEA-46A7-D1FD7BED9A09}.Debug|Any CPU.ActiveCfg = Debug|Any CPU
		{61A8BF4A-8285-6CEA-46A7-D1FD7BED9A09}.Debug|Any CPU.Build.0 = Debug|Any CPU
		{61A8BF4A-8285-6CEA-46A7-D1FD7BED9A09}.Release|Any CPU.ActiveCfg = Release|Any CPU
		{61A8BF4A-8285-6CEA-46A7-D1FD7BED9A09}.Release|Any CPU.Build.0 = Release|Any CPU
		{58872784-F7FB-075A-48F5-5CCFD02485D1}.Debug|Any CPU.ActiveCfg = Debug|Any CPU
		{58872784-F7FB-075A-48F5-5CCFD02485D1}.Debug|Any CPU.Build.0 = Debug|Any CPU
		{58872784-F7FB-075A-48F5-5CCFD02485D1}.Release|Any CPU.ActiveCfg = Release|Any CPU
		{58872784-F7FB-075A-48F5-5CCFD02485D1}.Release|Any CPU.Build.0 = Release|Any CPU
		{C40124F7-7145-8ED0-46AA-9532DBC444A9}.Debug|Any CPU.ActiveCfg = Debug|Any CPU
		{C40124F7-7145-8ED0-46AA-9532DBC444A9}.Debug|Any CPU.Build.0 = Debug|Any CPU
		{C40124F7-7145-8ED0-46AA-9532DBC444A9}.Release|Any CPU.ActiveCfg = Release|Any CPU
		{C40124F7-7145-8ED0-46AA-9532DBC444A9}.Release|Any CPU.Build.0 = Release|Any CPU
		{D4EEE7EF-A044-765E-BD94-1D9632DA38E9}.Debug|Any CPU.ActiveCfg = Debug|Any CPU
		{D4EEE7EF-A044-765E-BD94-1D9632DA38E9}.Debug|Any CPU.Build.0 = Debug|Any CPU
		{D4EEE7EF-A044-765E-BD94-1D9632DA38E9}.Release|Any CPU.ActiveCfg = Release|Any CPU
		{D4EEE7EF-A044-765E-BD94-1D9632DA38E9}.Release|Any CPU.Build.0 = Release|Any CPU
		{B56A2074-E2B7-7928-BA60-02E63D64CD68}.Debug|Any CPU.ActiveCfg = Debug|Any CPU
		{B56A2074-E2B7-7928-BA60-02E63D64CD68}.Debug|Any CPU.Build.0 = Debug|Any CPU
		{B56A2074-E2B7-7928-BA60-02E63D64CD68}.Release|Any CPU.ActiveCfg = Release|Any CPU
		{B56A2074-E2B7-7928-BA60-02E63D64CD68}.Release|Any CPU.Build.0 = Release|Any CPU
		{5192C535-FA5C-2D61-6D45-E74025743E0A}.Debug|Any CPU.ActiveCfg = Debug|Any CPU
		{5192C535-FA5C-2D61-6D45-E74025743E0A}.Debug|Any CPU.Build.0 = Debug|Any CPU
		{5192C535-FA5C-2D61-6D45-E74025743E0A}.Release|Any CPU.ActiveCfg = Release|Any CPU
		{5192C535-FA5C-2D61-6D45-E74025743E0A}.Release|Any CPU.Build.0 = Release|Any CPU
		{9BB3B029-1144-7372-A6A8-BEB07B910649}.Debug|Any CPU.ActiveCfg = Debug|Any CPU
		{9BB3B029-1144-7372-A6A8-BEB07B910649}.Debug|Any CPU.Build.0 = Debug|Any CPU
		{9BB3B029-1144-7372-A6A8-BEB07B910649}.Release|Any CPU.ActiveCfg = Release|Any CPU
		{9BB3B029-1144-7372-A6A8-BEB07B910649}.Release|Any CPU.Build.0 = Release|Any CPU
		{61681AA4-9BD9-662F-9770-11705EE6B488}.Debug|Any CPU.ActiveCfg = Debug|Any CPU
		{61681AA4-9BD9-662F-9770-11705EE6B488}.Debug|Any CPU.Build.0 = Debug|Any CPU
		{61681AA4-9BD9-662F-9770-11705EE6B488}.Release|Any CPU.ActiveCfg = Release|Any CPU
		{61681AA4-9BD9-662F-9770-11705EE6B488}.Release|Any CPU.Build.0 = Release|Any CPU
		{2DF735DD-CCAC-FD40-7C00-900C5C4C0A07}.Debug|Any CPU.ActiveCfg = Debug|Any CPU
		{2DF735DD-CCAC-FD40-7C00-900C5C4C0A07}.Debug|Any CPU.Build.0 = Debug|Any CPU
		{2DF735DD-CCAC-FD40-7C00-900C5C4C0A07}.Release|Any CPU.ActiveCfg = Release|Any CPU
		{2DF735DD-CCAC-FD40-7C00-900C5C4C0A07}.Release|Any CPU.Build.0 = Release|Any CPU
	EndGlobalSection
	GlobalSection(SolutionProperties) = preSolution
		HideSolutionNode = FALSE
	EndGlobalSection
EndGlobal
